
Microsoft Visual Studio Solution File, Format Version 12.00
# Visual Studio 14
VisualStudioVersion = 14.0.25420.1
MinimumVisualStudioVersion = 10.0.40219.1
Project("{FAE04EC0-301F-11D3-BF4B-00C04F79EFBC}") = "Task1", "Task1\Task1.csproj", "{38CA53A3-6862-4694-A3AE-4A581DEE6041}"
EndProject
Project("{FAE04EC0-301F-11D3-BF4B-00C04F79EFBC}") = "Serialization", "Serialization\Serialization.csproj", "{7355063B-0A51-420F-BD88-B03D03735C9E}"
EndProject
Global
	GlobalSection(SolutionConfigurationPlatforms) = preSolution
		Debug|Any CPU = Debug|Any CPU
		Release|Any CPU = Release|Any CPU
	EndGlobalSection
	GlobalSection(ProjectConfigurationPlatforms) = postSolution
		{38CA53A3-6862-4694-A3AE-4A581DEE6041}.Debug|Any CPU.ActiveCfg = Debug|Any CPU
		{38CA53A3-6862-4694-A3AE-4A581DEE6041}.Debug|Any CPU.Build.0 = Debug|Any CPU
		{38CA53A3-6862-4694-A3AE-4A581DEE6041}.Release|Any CPU.ActiveCfg = Release|Any CPU
		{38CA53A3-6862-4694-A3AE-4A581DEE6041}.Release|Any CPU.Build.0 = Release|Any CPU
		{7355063B-0A51-420F-BD88-B03D03735C9E}.Debug|Any CPU.ActiveCfg = Debug|Any CPU
		{7355063B-0A51-420F-BD88-B03D03735C9E}.Debug|Any CPU.Build.0 = Debug|Any CPU
		{7355063B-0A51-420F-BD88-B03D03735C9E}.Release|Any CPU.ActiveCfg = Release|Any CPU
		{7355063B-0A51-420F-BD88-B03D03735C9E}.Release|Any CPU.Build.0 = Release|Any CPU
	EndGlobalSection
	GlobalSection(SolutionProperties) = preSolution
		HideSolutionNode = FALSE
	EndGlobalSection
EndGlobal
